
Microsoft Visual Studio Solution File, Format Version 12.00
# Visual Studio Version 17
VisualStudioVersion = 17.6.33829.357
MinimumVisualStudioVersion = 10.0.40219.1
Project("{FAE04EC0-301F-11D3-BF4B-00C04F79EFBC}") = "Examen_progra_1", "Examen_progra_1\Examen_progra_1.csproj", "{2915FBFF-1944-46D6-8DF5-58A662DCE199}"
EndProject
Global
	GlobalSection(SolutionConfigurationPlatforms) = preSolution
		Debug|Any CPU = Debug|Any CPU
		Release|Any CPU = Release|Any CPU
	EndGlobalSection
	GlobalSection(ProjectConfigurationPlatforms) = postSolution
		{2915FBFF-1944-46D6-8DF5-58A662DCE199}.Debug|Any CPU.ActiveCfg = Debug|Any CPU
		{2915FBFF-1944-46D6-8DF5-58A662DCE199}.Debug|Any CPU.Build.0 = Debug|Any CPU
		{2915FBFF-1944-46D6-8DF5-58A662DCE199}.Release|Any CPU.ActiveCfg = Release|Any CPU
		{2915FBFF-1944-46D6-8DF5-58A662DCE199}.Release|Any CPU.Build.0 = Release|Any CPU
	EndGlobalSection
	GlobalSection(SolutionProperties) = preSolution
		HideSolutionNode = FALSE
	EndGlobalSection
	GlobalSection(ExtensibilityGlobals) = postSolution
		SolutionGuid = {92425311-4AC7-4F93-BA9F-D9E59EF99612}
	EndGlobalSection
EndGlobal
