
Microsoft Visual Studio Solution File, Format Version 12.00
# Visual Studio Version 17
VisualStudioVersion = 17.8.34511.84
MinimumVisualStudioVersion = 10.0.40219.1
Project("{FAE04EC0-301F-11D3-BF4B-00C04F79EFBC}") = "Programa_citas_Medicas", "Programa_citas_Medicas\Programa_citas_Medicas.csproj", "{666B0EDD-7D13-457D-B275-2264834C5A85}"
EndProject
Global
	GlobalSection(SolutionConfigurationPlatforms) = preSolution
		Debug|Any CPU = Debug|Any CPU
		Release|Any CPU = Release|Any CPU
	EndGlobalSection
	GlobalSection(ProjectConfigurationPlatforms) = postSolution
		{666B0EDD-7D13-457D-B275-2264834C5A85}.Debug|Any CPU.ActiveCfg = Debug|Any CPU
		{666B0EDD-7D13-457D-B275-2264834C5A85}.Debug|Any CPU.Build.0 = Debug|Any CPU
		{666B0EDD-7D13-457D-B275-2264834C5A85}.Release|Any CPU.ActiveCfg = Release|Any CPU
		{666B0EDD-7D13-457D-B275-2264834C5A85}.Release|Any CPU.Build.0 = Release|Any CPU
	EndGlobalSection
	GlobalSection(SolutionProperties) = preSolution
		HideSolutionNode = FALSE
	EndGlobalSection
	GlobalSection(ExtensibilityGlobals) = postSolution
		SolutionGuid = {F1BEF900-037E-42D6-A1C4-548E7A0E6644}
	EndGlobalSection
EndGlobal
